{
  "version": 2,
  "packages": {
    "integers": {
      "version": "0.1.1",
      "vcsRevision": "d80108a5fa406d3bc67498a78a1cad51c0741326",
      "url": "https://github.com/fsh/integers",
      "downloadMethod": "git",
      "dependencies": [],
      "checksums": {
        "sha1": "0cd987d8c999f1a34bf3b62448a5880bd2558e0b"
      }
    },
    "bcs": {
      "version": "0.3.5",
      "vcsRevision": "8c0c8e9c778f2143a50cbbb1476267c4224d8e20",
      "url": "https://github.com/C-NERD/nimBcs",
      "downloadMethod": "git",
      "dependencies": [
        "integers"
      ],
      "checksums": {
        "sha1": "46aaeddfd853b089b5c9ad19f3ee63196822ec18"
      }
    },
    "sha3": {
      "version": "0.7",
      "vcsRevision": "7e1a5194668371c8fd4024054ac4d8c7431eddba",
      "url": "https://github.com/narimiran/sha3",
      "downloadMethod": "git",
      "dependencies": [],
      "checksums": {
        "sha1": "3ae61cb8e0a817323171b56634f9a29fc2c5febf"
      }
    },
    "nimcrypto": {
      "version": "0.6.0",
      "vcsRevision": "a079df92424968d46a6ac258299ce9380aa153f2",
      "url": "https://github.com/cheatfate/nimcrypto",
      "downloadMethod": "git",
      "dependencies": [],
      "checksums": {
        "sha1": "be9a4654dd5839b97f39d5060d98f18ba868623c"
      }
    },
    "libsodium": {
      "version": "0.7.1",
      "vcsRevision": "f5490ee194d5a0bbc5fa3d4d0b6e58c617d49790",
      "url": "https://github.com/FedericoCeratto/nim-libsodium",
      "downloadMethod": "git",
      "dependencies": [],
      "checksums": {
        "sha1": "b11cd69323f1c8929c53ff97793940f0c72f78d5"
      }
    }
  },
  "tasks": {}
}
