{
  "version": 2,
  "packages": {
    "integers": {
      "version": "0.1.3",
      "vcsRevision": "0e1f2839ef61a143e3f6534dac5b84c9a9941f5c",
      "url": "https://github.com/fsh/integers",
      "downloadMethod": "git",
      "dependencies": [],
      "checksums": {
        "sha1": "00f7414c50c204022ee9e9068699f38bd41e22fe"
      }
    },
    "bcs": {
      "version": "0.3.5",
      "vcsRevision": "e26ab2ae35e4f8803d4b91efaf2b11bfe961bf1e",
      "url": "",
      "downloadMethod": "git",
      "dependencies": [
        "integers"
      ],
      "checksums": {
        "sha1": "617d94a55a712d88b29e989af24afd51467bcfd1"
      }
    },
    "sha3": {
      "version": "0.7",
      "vcsRevision": "7e1a5194668371c8fd4024054ac4d8c7431eddba",
      "url": "https://github.com/narimiran/sha3",
      "downloadMethod": "git",
      "dependencies": [],
      "checksums": {
        "sha1": "3ae61cb8e0a817323171b56634f9a29fc2c5febf"
      }
    },
    "nimcrypto": {
      "version": "0.6.0",
      "vcsRevision": "a079df92424968d46a6ac258299ce9380aa153f2",
      "url": "https://github.com/cheatfate/nimcrypto",
      "downloadMethod": "git",
      "dependencies": [],
      "checksums": {
        "sha1": "be9a4654dd5839b97f39d5060d98f18ba868623c"
      }
    },
    "libsodium": {
      "version": "0.7.1",
      "vcsRevision": "f5490ee194d5a0bbc5fa3d4d0b6e58c617d49790",
      "url": "https://github.com/FedericoCeratto/nim-libsodium",
      "downloadMethod": "git",
      "dependencies": [],
      "checksums": {
        "sha1": "b11cd69323f1c8929c53ff97793940f0c72f78d5"
      }
    }
  },
  "tasks": {}
}
